
Microsoft Visual Studio Solution File, Format Version 12.00
# Visual Studio Version 17
VisualStudioVersion = 17.14.36127.28 d17.14
MinimumVisualStudioVersion = 10.0.40219.1
Project("{FAE04EC0-301F-11D3-BF4B-00C04F79EFBC}") = "ETL.API", "ETL.API\ETL.API.csproj", "{BD56ECC0-195A-4F05-AF58-DBD28471DE98}"
EndProject
Global
	GlobalSection(SolutionConfigurationPlatforms) = preSolution
		Debug|Any CPU = Debug|Any CPU
		Release|Any CPU = Release|Any CPU
	EndGlobalSection
	GlobalSection(ProjectConfigurationPlatforms) = postSolution
		{BD56ECC0-195A-4F05-AF58-DBD28471DE98}.Debug|Any CPU.ActiveCfg = Debug|Any CPU
		{BD56ECC0-195A-4F05-AF58-DBD28471DE98}.Debug|Any CPU.Build.0 = Debug|Any CPU
		{BD56ECC0-195A-4F05-AF58-DBD28471DE98}.Release|Any CPU.ActiveCfg = Release|Any CPU
		{BD56ECC0-195A-4F05-AF58-DBD28471DE98}.Release|Any CPU.Build.0 = Release|Any CPU
	EndGlobalSection
	GlobalSection(SolutionProperties) = preSolution
		HideSolutionNode = FALSE
	EndGlobalSection
	GlobalSection(ExtensibilityGlobals) = postSolution
		SolutionGuid = {6F0E9D87-7C8B-4D71-929C-4410659C5604}
	EndGlobalSection
EndGlobal
